
Microsoft Visual Studio Solution File, Format Version 12.00
# Visual Studio Version 17
VisualStudioVersion = 17.4.33403.182
MinimumVisualStudioVersion = 10.0.40219.1
Project("{FAE04EC0-301F-11D3-BF4B-00C04F79EFBC}") = "GenericType", "GenericType\GenericType.csproj", "{4C6C2E1B-AC7B-412D-9042-93F289678811}"
EndProject
Global
	GlobalSection(SolutionConfigurationPlatforms) = preSolution
		Debug|Any CPU = Debug|Any CPU
		Release|Any CPU = Release|Any CPU
	EndGlobalSection
	GlobalSection(ProjectConfigurationPlatforms) = postSolution
		{4C6C2E1B-AC7B-412D-9042-93F289678811}.Debug|Any CPU.ActiveCfg = Debug|Any CPU
		{4C6C2E1B-AC7B-412D-9042-93F289678811}.Debug|Any CPU.Build.0 = Debug|Any CPU
		{4C6C2E1B-AC7B-412D-9042-93F289678811}.Release|Any CPU.ActiveCfg = Release|Any CPU
		{4C6C2E1B-AC7B-412D-9042-93F289678811}.Release|Any CPU.Build.0 = Release|Any CPU
	EndGlobalSection
	GlobalSection(SolutionProperties) = preSolution
		HideSolutionNode = FALSE
	EndGlobalSection
	GlobalSection(ExtensibilityGlobals) = postSolution
		SolutionGuid = {ECE90AA4-35FB-47F3-BC6C-F1F36DB532C5}
	EndGlobalSection
EndGlobal
